// !$*UTF8*$!
{
	archiveVersion = 1;
	classes = {
	};
	objectVersion = 55;
	objects = {

/* Begin PBXBuildFile section */
		4AF75D018B63E12E5230DCA0 /* Pods_ClubsApp.framework in Frameworks */ = {isa = PBXBuildFile; fileRef = 8AB3557D7D67D081F655439A /* Pods_ClubsApp.framework */; };
		59280742299A39F500901448 /* CreateEventViewController.swift in Sources */ = {isa = PBXBuildFile; fileRef = 59280741299A39F500901448 /* CreateEventViewController.swift */; };
		59280745299A3FB100901448 /* ChatsViewController.swift in Sources */ = {isa = PBXBuildFile; fileRef = 59280744299A3FB100901448 /* ChatsViewController.swift */; };
		59280748299A3FD800901448 /* ProfileSettingsViewController.swift in Sources */ = {isa = PBXBuildFile; fileRef = 59280747299A3FD800901448 /* ProfileSettingsViewController.swift */; };
		593799DB298D4AAA007845F5 /* LoginViewController.swift in Sources */ = {isa = PBXBuildFile; fileRef = 593799DA298D4AAA007845F5 /* LoginViewController.swift */; };
		59541C282996855000411ED5 /* ViewControllerWithActiveTextFieldProtocol.swift in Sources */ = {isa = PBXBuildFile; fileRef = 59541C272996855000411ED5 /* ViewControllerWithActiveTextFieldProtocol.swift */; };
		59541C2C2996C2DA00411ED5 /* DatabaseManager.swift in Sources */ = {isa = PBXBuildFile; fileRef = 59541C2B2996C2DA00411ED5 /* DatabaseManager.swift */; };
		595B5BC7298FCF1200122B78 /* SubLoginViewController.swift in Sources */ = {isa = PBXBuildFile; fileRef = 595B5BC6298FCF1200122B78 /* SubLoginViewController.swift */; };
		5964C957299A2F3F005346A6 /* TabBarController.swift in Sources */ = {isa = PBXBuildFile; fileRef = 5964C956299A2F3F005346A6 /* TabBarController.swift */; };
		5964C95C299A35BA005346A6 /* AllEventsViewController.swift in Sources */ = {isa = PBXBuildFile; fileRef = 5964C95B299A35BA005346A6 /* AllEventsViewController.swift */; };
		5964C95F299A35F0005346A6 /* LikedInvitedViewController.swift in Sources */ = {isa = PBXBuildFile; fileRef = 5964C95E299A35F0005346A6 /* LikedInvitedViewController.swift */; };
		597CDBCC299159C100DDF16E /* SubRegisterViewController.swift in Sources */ = {isa = PBXBuildFile; fileRef = 597CDBCB299159C100DDF16E /* SubRegisterViewController.swift */; };
		597CDBCE2992680200DDF16E /* GoogleService-Info.plist in Resources */ = {isa = PBXBuildFile; fileRef = 597CDBCD2992680200DDF16E /* GoogleService-Info.plist */; };
		597CDC102993D93B00DDF16E /* Unwrappers.swift in Sources */ = {isa = PBXBuildFile; fileRef = 597CDC0F2993D93B00DDF16E /* Unwrappers.swift */; };
		597CDC132993F10700DDF16E /* MainScreenViewController.swift in Sources */ = {isa = PBXBuildFile; fileRef = 597CDC122993F10700DDF16E /* MainScreenViewController.swift */; };
		597CDC172993FC9000DDF16E /* ScendeDelegateEnvironment.swift in Sources */ = {isa = PBXBuildFile; fileRef = 597CDC162993FC9000DDF16E /* ScendeDelegateEnvironment.swift */; };
		597CDC1C29941FF500DDF16E /* UserAuth.swift in Sources */ = {isa = PBXBuildFile; fileRef = 597CDC1B29941FF500DDF16E /* UserAuth.swift */; };
		598A77E7298D1B1000EFCA0C /* AppDelegate.swift in Sources */ = {isa = PBXBuildFile; fileRef = 598A77E6298D1B1000EFCA0C /* AppDelegate.swift */; };
		598A77E9298D1B1000EFCA0C /* SceneDelegate.swift in Sources */ = {isa = PBXBuildFile; fileRef = 598A77E8298D1B1000EFCA0C /* SceneDelegate.swift */; };
		598A77EB298D1B1000EFCA0C /* ViewController.swift in Sources */ = {isa = PBXBuildFile; fileRef = 598A77EA298D1B1000EFCA0C /* ViewController.swift */; };
		598A77EE298D1B1000EFCA0C /* Main.storyboard in Resources */ = {isa = PBXBuildFile; fileRef = 598A77EC298D1B1000EFCA0C /* Main.storyboard */; };
		598A77F0298D1B1400EFCA0C /* Assets.xcassets in Resources */ = {isa = PBXBuildFile; fileRef = 598A77EF298D1B1400EFCA0C /* Assets.xcassets */; };
		598A77F3298D1B1400EFCA0C /* LaunchScreen.storyboard in Resources */ = {isa = PBXBuildFile; fileRef = 598A77F1298D1B1400EFCA0C /* LaunchScreen.storyboard */; };
		59D9715D29A7AF6500EC6D6F /* AddUsersViewController.swift in Sources */ = {isa = PBXBuildFile; fileRef = 59D9715C29A7AF6400EC6D6F /* AddUsersViewController.swift */; };
		59D9715F29A7C04700EC6D6F /* SearchResultViewController.swift in Sources */ = {isa = PBXBuildFile; fileRef = 59D9715E29A7C04700EC6D6F /* SearchResultViewController.swift */; };
		59D9716229A7C18A00EC6D6F /* SearchResultTableViewCell.swift in Sources */ = {isa = PBXBuildFile; fileRef = 59D9716129A7C18A00EC6D6F /* SearchResultTableViewCell.swift */; };
		59D9716529ACB69B00EC6D6F /* UserModel.swift in Sources */ = {isa = PBXBuildFile; fileRef = 59D9716429ACB69B00EC6D6F /* UserModel.swift */; };
		59FF9827299516D0003F4573 /* ResetPassViewController.swift in Sources */ = {isa = PBXBuildFile; fileRef = 59FF9826299516D0003F4573 /* ResetPassViewController.swift */; };
/* End PBXBuildFile section */

/* Begin PBXFileReference section */
		59280741299A39F500901448 /* CreateEventViewController.swift */ = {isa = PBXFileReference; lastKnownFileType = sourcecode.swift; path = CreateEventViewController.swift; sourceTree = "<group>"; };
		59280744299A3FB100901448 /* ChatsViewController.swift */ = {isa = PBXFileReference; lastKnownFileType = sourcecode.swift; path = ChatsViewController.swift; sourceTree = "<group>"; };
		59280747299A3FD800901448 /* ProfileSettingsViewController.swift */ = {isa = PBXFileReference; lastKnownFileType = sourcecode.swift; path = ProfileSettingsViewController.swift; sourceTree = "<group>"; };
		593799DA298D4AAA007845F5 /* LoginViewController.swift */ = {isa = PBXFileReference; lastKnownFileType = sourcecode.swift; path = LoginViewController.swift; sourceTree = "<group>"; };
		59541C272996855000411ED5 /* ViewControllerWithActiveTextFieldProtocol.swift */ = {isa = PBXFileReference; lastKnownFileType = sourcecode.swift; path = ViewControllerWithActiveTextFieldProtocol.swift; sourceTree = "<group>"; };
		59541C2B2996C2DA00411ED5 /* DatabaseManager.swift */ = {isa = PBXFileReference; lastKnownFileType = sourcecode.swift; path = DatabaseManager.swift; sourceTree = "<group>"; };
		595B5BC6298FCF1200122B78 /* SubLoginViewController.swift */ = {isa = PBXFileReference; lastKnownFileType = sourcecode.swift; path = SubLoginViewController.swift; sourceTree = "<group>"; };
		5964C956299A2F3F005346A6 /* TabBarController.swift */ = {isa = PBXFileReference; lastKnownFileType = sourcecode.swift; path = TabBarController.swift; sourceTree = "<group>"; };
		5964C95B299A35BA005346A6 /* AllEventsViewController.swift */ = {isa = PBXFileReference; lastKnownFileType = sourcecode.swift; path = AllEventsViewController.swift; sourceTree = "<group>"; };
		5964C95E299A35F0005346A6 /* LikedInvitedViewController.swift */ = {isa = PBXFileReference; lastKnownFileType = sourcecode.swift; path = LikedInvitedViewController.swift; sourceTree = "<group>"; };
		597CDBCB299159C100DDF16E /* SubRegisterViewController.swift */ = {isa = PBXFileReference; lastKnownFileType = sourcecode.swift; path = SubRegisterViewController.swift; sourceTree = "<group>"; };
		597CDBCD2992680200DDF16E /* GoogleService-Info.plist */ = {isa = PBXFileReference; fileEncoding = 4; lastKnownFileType = text.plist.xml; path = "GoogleService-Info.plist"; sourceTree = "<group>"; };
		597CDC0F2993D93B00DDF16E /* Unwrappers.swift */ = {isa = PBXFileReference; lastKnownFileType = sourcecode.swift; path = Unwrappers.swift; sourceTree = "<group>"; };
		597CDC122993F10700DDF16E /* MainScreenViewController.swift */ = {isa = PBXFileReference; lastKnownFileType = sourcecode.swift; path = MainScreenViewController.swift; sourceTree = "<group>"; };
		597CDC162993FC9000DDF16E /* ScendeDelegateEnvironment.swift */ = {isa = PBXFileReference; lastKnownFileType = sourcecode.swift; path = ScendeDelegateEnvironment.swift; sourceTree = "<group>"; };
		597CDC1B29941FF500DDF16E /* UserAuth.swift */ = {isa = PBXFileReference; lastKnownFileType = sourcecode.swift; path = UserAuth.swift; sourceTree = "<group>"; };
		598A77E3298D1B1000EFCA0C /* ClubsApp.app */ = {isa = PBXFileReference; explicitFileType = wrapper.application; includeInIndex = 0; path = ClubsApp.app; sourceTree = BUILT_PRODUCTS_DIR; };
		598A77E6298D1B1000EFCA0C /* AppDelegate.swift */ = {isa = PBXFileReference; lastKnownFileType = sourcecode.swift; path = AppDelegate.swift; sourceTree = "<group>"; };
		598A77E8298D1B1000EFCA0C /* SceneDelegate.swift */ = {isa = PBXFileReference; lastKnownFileType = sourcecode.swift; path = SceneDelegate.swift; sourceTree = "<group>"; };
		598A77EA298D1B1000EFCA0C /* ViewController.swift */ = {isa = PBXFileReference; lastKnownFileType = sourcecode.swift; path = ViewController.swift; sourceTree = "<group>"; };
		598A77ED298D1B1000EFCA0C /* Base */ = {isa = PBXFileReference; lastKnownFileType = file.storyboard; name = Base; path = Base.lproj/Main.storyboard; sourceTree = "<group>"; };
		598A77EF298D1B1400EFCA0C /* Assets.xcassets */ = {isa = PBXFileReference; lastKnownFileType = folder.assetcatalog; path = Assets.xcassets; sourceTree = "<group>"; };
		598A77F2298D1B1400EFCA0C /* Base */ = {isa = PBXFileReference; lastKnownFileType = file.storyboard; name = Base; path = Base.lproj/LaunchScreen.storyboard; sourceTree = "<group>"; };
		598A77F4298D1B1400EFCA0C /* Info.plist */ = {isa = PBXFileReference; lastKnownFileType = text.plist.xml; path = Info.plist; sourceTree = "<group>"; };
		59D9715C29A7AF6400EC6D6F /* AddUsersViewController.swift */ = {isa = PBXFileReference; lastKnownFileType = sourcecode.swift; path = AddUsersViewController.swift; sourceTree = "<group>"; };
		59D9715E29A7C04700EC6D6F /* SearchResultViewController.swift */ = {isa = PBXFileReference; lastKnownFileType = sourcecode.swift; path = SearchResultViewController.swift; sourceTree = "<group>"; };
		59D9716129A7C18A00EC6D6F /* SearchResultTableViewCell.swift */ = {isa = PBXFileReference; lastKnownFileType = sourcecode.swift; path = SearchResultTableViewCell.swift; sourceTree = "<group>"; };
		59D9716429ACB69B00EC6D6F /* UserModel.swift */ = {isa = PBXFileReference; lastKnownFileType = sourcecode.swift; path = UserModel.swift; sourceTree = "<group>"; };
		59FF9826299516D0003F4573 /* ResetPassViewController.swift */ = {isa = PBXFileReference; lastKnownFileType = sourcecode.swift; path = ResetPassViewController.swift; sourceTree = "<group>"; };
		8AB3557D7D67D081F655439A /* Pods_ClubsApp.framework */ = {isa = PBXFileReference; explicitFileType = wrapper.framework; includeInIndex = 0; path = Pods_ClubsApp.framework; sourceTree = BUILT_PRODUCTS_DIR; };
		D5182652994B8849FB9A3365 /* Pods-ClubsApp.debug.xcconfig */ = {isa = PBXFileReference; includeInIndex = 1; lastKnownFileType = text.xcconfig; name = "Pods-ClubsApp.debug.xcconfig"; path = "Target Support Files/Pods-ClubsApp/Pods-ClubsApp.debug.xcconfig"; sourceTree = "<group>"; };
		FFEA9AA926A482CC8E397BCD /* Pods-ClubsApp.release.xcconfig */ = {isa = PBXFileReference; includeInIndex = 1; lastKnownFileType = text.xcconfig; name = "Pods-ClubsApp.release.xcconfig"; path = "Target Support Files/Pods-ClubsApp/Pods-ClubsApp.release.xcconfig"; sourceTree = "<group>"; };
/* End PBXFileReference section */

/* Begin PBXFrameworksBuildPhase section */
		598A77E0298D1B1000EFCA0C /* Frameworks */ = {
			isa = PBXFrameworksBuildPhase;
			buildActionMask = 2147483647;
			files = (
				4AF75D018B63E12E5230DCA0 /* Pods_ClubsApp.framework in Frameworks */,
			);
			runOnlyForDeploymentPostprocessing = 0;
		};
/* End PBXFrameworksBuildPhase section */

/* Begin PBXGroup section */
		4E44669FD044B03456F76E09 /* Frameworks */ = {
			isa = PBXGroup;
			children = (
				8AB3557D7D67D081F655439A /* Pods_ClubsApp.framework */,
			);
			name = Frameworks;
			sourceTree = "<group>";
		};
		590E0A9C299684D7005001F0 /* Protocols */ = {
			isa = PBXGroup;
			children = (
				590E0A9D299684E7005001F0 /* SelectedTextFieldProtocol */,
			);
			path = Protocols;
			sourceTree = "<group>";
		};
		590E0A9D299684E7005001F0 /* SelectedTextFieldProtocol */ = {
			isa = PBXGroup;
			children = (
				59541C272996855000411ED5 /* ViewControllerWithActiveTextFieldProtocol.swift */,
			);
			path = SelectedTextFieldProtocol;
			sourceTree = "<group>";
		};
		591E2CEF299BD42700D079D5 /* Enums */ = {
			isa = PBXGroup;
			children = (
			);
			path = Enums;
			sourceTree = "<group>";
		};
		59280743299A3F9B00901448 /* ChatsViewController */ = {
			isa = PBXGroup;
			children = (
				59280744299A3FB100901448 /* ChatsViewController.swift */,
			);
			path = ChatsViewController;
			sourceTree = "<group>";
		};
		59280746299A3FC200901448 /* ProfileSettingsViewController */ = {
			isa = PBXGroup;
			children = (
				59280747299A3FD800901448 /* ProfileSettingsViewController.swift */,
			);
			path = ProfileSettingsViewController;
			sourceTree = "<group>";
		};
		593799D9298D4A5C007845F5 /* Controllers */ = {
			isa = PBXGroup;
			children = (
				598A77EA298D1B1000EFCA0C /* ViewController.swift */,
				5964C959299A3574005346A6 /* AllEventsViewController */,
				5964C95D299A35C6005346A6 /* LikedInvitedViewController */,
				5964C960299A3997005346A6 /* CreateEventViewController */,
				59280743299A3F9B00901448 /* ChatsViewController */,
				59280746299A3FC200901448 /* ProfileSettingsViewController */,
				5964C955299A2F1E005346A6 /* TabBarConrtoller */,
				597CDC112993F0DC00DDF16E /* MainViewControllers */,
				595B5BC5298FCEBF00122B78 /* LoginRegisterViewControllers */,
			);
			path = Controllers;
			sourceTree = "<group>";
		};
		59541C292996C28F00411ED5 /* DatabaseManager */ = {
			isa = PBXGroup;
			children = (
				59541C2B2996C2DA00411ED5 /* DatabaseManager.swift */,
			);
			path = DatabaseManager;
			sourceTree = "<group>";
		};
		595B5BC5298FCEBF00122B78 /* LoginRegisterViewControllers */ = {
			isa = PBXGroup;
			children = (
				593799DA298D4AAA007845F5 /* LoginViewController.swift */,
				595B5BC6298FCF1200122B78 /* SubLoginViewController.swift */,
				597CDBCB299159C100DDF16E /* SubRegisterViewController.swift */,
				59FF9826299516D0003F4573 /* ResetPassViewController.swift */,
			);
			path = LoginRegisterViewControllers;
			sourceTree = "<group>";
		};
		5964C955299A2F1E005346A6 /* TabBarConrtoller */ = {
			isa = PBXGroup;
			children = (
				5964C956299A2F3F005346A6 /* TabBarController.swift */,
			);
			path = TabBarConrtoller;
			sourceTree = "<group>";
		};
		5964C959299A3574005346A6 /* AllEventsViewController */ = {
			isa = PBXGroup;
			children = (
				5964C95B299A35BA005346A6 /* AllEventsViewController.swift */,
			);
			path = AllEventsViewController;
			sourceTree = "<group>";
		};
		5964C95D299A35C6005346A6 /* LikedInvitedViewController */ = {
			isa = PBXGroup;
			children = (
				5964C95E299A35F0005346A6 /* LikedInvitedViewController.swift */,
			);
			path = LikedInvitedViewController;
			sourceTree = "<group>";
		};
		5964C960299A3997005346A6 /* CreateEventViewController */ = {
			isa = PBXGroup;
			children = (
				59D9716029A7C16E00EC6D6F /* Cells */,
				59280741299A39F500901448 /* CreateEventViewController.swift */,
				59D9715C29A7AF6400EC6D6F /* AddUsersViewController.swift */,
				59D9715E29A7C04700EC6D6F /* SearchResultViewController.swift */,
			);
			path = CreateEventViewController;
			sourceTree = "<group>";
		};
		597CDC0D2993D52700DDF16E /* Extensions */ = {
			isa = PBXGroup;
			children = (
				597CDC0E2993D92D00DDF16E /* Unwrappers */,
			);
			path = Extensions;
			sourceTree = "<group>";
		};
		597CDC0E2993D92D00DDF16E /* Unwrappers */ = {
			isa = PBXGroup;
			children = (
				597CDC0F2993D93B00DDF16E /* Unwrappers.swift */,
			);
			path = Unwrappers;
			sourceTree = "<group>";
		};
		597CDC112993F0DC00DDF16E /* MainViewControllers */ = {
			isa = PBXGroup;
			children = (
				597CDC122993F10700DDF16E /* MainScreenViewController.swift */,
			);
			path = MainViewControllers;
			sourceTree = "<group>";
		};
		597CDC142993FC7300DDF16E /* Environment */ = {
			isa = PBXGroup;
			children = (
				597CDC162993FC9000DDF16E /* ScendeDelegateEnvironment.swift */,
			);
			path = Environment;
			sourceTree = "<group>";
		};
		597CDC1929941FD700DDF16E /* Database */ = {
			isa = PBXGroup;
			children = (
				59541C292996C28F00411ED5 /* DatabaseManager */,
				597CDC1A29941FE200DDF16E /* Auth */,
			);
			path = Database;
			sourceTree = "<group>";
		};
		597CDC1A29941FE200DDF16E /* Auth */ = {
			isa = PBXGroup;
			children = (
				597CDC1B29941FF500DDF16E /* UserAuth.swift */,
			);
			path = Auth;
			sourceTree = "<group>";
		};
		598A77DA298D1B1000EFCA0C = {
			isa = PBXGroup;
			children = (
				598A77E5298D1B1000EFCA0C /* ClubsApp */,
				598A77E4298D1B1000EFCA0C /* Products */,
				9E2C5AE59A5E681657CEA81D /* Pods */,
				4E44669FD044B03456F76E09 /* Frameworks */,
			);
			sourceTree = "<group>";
		};
		598A77E4298D1B1000EFCA0C /* Products */ = {
			isa = PBXGroup;
			children = (
				598A77E3298D1B1000EFCA0C /* ClubsApp.app */,
			);
			name = Products;
			sourceTree = "<group>";
		};
		598A77E5298D1B1000EFCA0C /* ClubsApp */ = {
			isa = PBXGroup;
			children = (
				59D9716329ACB68600EC6D6F /* Models */,
				591E2CEF299BD42700D079D5 /* Enums */,
				590E0A9C299684D7005001F0 /* Protocols */,
				597CDC1929941FD700DDF16E /* Database */,
				597CDC142993FC7300DDF16E /* Environment */,
				597CDC0D2993D52700DDF16E /* Extensions */,
				593799D9298D4A5C007845F5 /* Controllers */,
				598A77E6298D1B1000EFCA0C /* AppDelegate.swift */,
				598A77E8298D1B1000EFCA0C /* SceneDelegate.swift */,
				598A77EC298D1B1000EFCA0C /* Main.storyboard */,
				598A77EF298D1B1400EFCA0C /* Assets.xcassets */,
				598A77F1298D1B1400EFCA0C /* LaunchScreen.storyboard */,
				597CDBCD2992680200DDF16E /* GoogleService-Info.plist */,
				598A77F4298D1B1400EFCA0C /* Info.plist */,
			);
			path = ClubsApp;
			sourceTree = "<group>";
		};
		59D9716029A7C16E00EC6D6F /* Cells */ = {
			isa = PBXGroup;
			children = (
				59D9716129A7C18A00EC6D6F /* SearchResultTableViewCell.swift */,
			);
			path = Cells;
			sourceTree = "<group>";
		};
		59D9716329ACB68600EC6D6F /* Models */ = {
			isa = PBXGroup;
			children = (
				59D9716429ACB69B00EC6D6F /* UserModel.swift */,
			);
			path = Models;
			sourceTree = "<group>";
		};
		9E2C5AE59A5E681657CEA81D /* Pods */ = {
			isa = PBXGroup;
			children = (
				D5182652994B8849FB9A3365 /* Pods-ClubsApp.debug.xcconfig */,
				FFEA9AA926A482CC8E397BCD /* Pods-ClubsApp.release.xcconfig */,
			);
			path = Pods;
			sourceTree = "<group>";
		};
/* End PBXGroup section */

/* Begin PBXNativeTarget section */
		598A77E2298D1B1000EFCA0C /* ClubsApp */ = {
			isa = PBXNativeTarget;
			buildConfigurationList = 598A77F7298D1B1400EFCA0C /* Build configuration list for PBXNativeTarget "ClubsApp" */;
			buildPhases = (
				5AB33CE996049B93967D6559 /* [CP] Check Pods Manifest.lock */,
				598A77DF298D1B1000EFCA0C /* Sources */,
				598A77E0298D1B1000EFCA0C /* Frameworks */,
				598A77E1298D1B1000EFCA0C /* Resources */,
				5A2FFFCA898D25702219E8EA /* [CP] Embed Pods Frameworks */,
			);
			buildRules = (
			);
			dependencies = (
			);
			name = ClubsApp;
			productName = ClubsApp;
			productReference = 598A77E3298D1B1000EFCA0C /* ClubsApp.app */;
			productType = "com.apple.product-type.application";
		};
/* End PBXNativeTarget section */

/* Begin PBXProject section */
		598A77DB298D1B1000EFCA0C /* Project object */ = {
			isa = PBXProject;
			attributes = {
				BuildIndependentTargetsInParallel = 1;
				LastSwiftUpdateCheck = 1340;
				LastUpgradeCheck = 1340;
				TargetAttributes = {
					598A77E2298D1B1000EFCA0C = {
						CreatedOnToolsVersion = 13.4.1;
					};
				};
			};
			buildConfigurationList = 598A77DE298D1B1000EFCA0C /* Build configuration list for PBXProject "ClubsApp" */;
			compatibilityVersion = "Xcode 13.0";
			developmentRegion = en;
			hasScannedForEncodings = 0;
			knownRegions = (
				en,
				Base,
			);
			mainGroup = 598A77DA298D1B1000EFCA0C;
			productRefGroup = 598A77E4298D1B1000EFCA0C /* Products */;
			projectDirPath = "";
			projectRoot = "";
			targets = (
				598A77E2298D1B1000EFCA0C /* ClubsApp */,
			);
		};
/* End PBXProject section */

/* Begin PBXResourcesBuildPhase section */
		598A77E1298D1B1000EFCA0C /* Resources */ = {
			isa = PBXResourcesBuildPhase;
			buildActionMask = 2147483647;
			files = (
				598A77F3298D1B1400EFCA0C /* LaunchScreen.storyboard in Resources */,
				597CDBCE2992680200DDF16E /* GoogleService-Info.plist in Resources */,
				598A77F0298D1B1400EFCA0C /* Assets.xcassets in Resources */,
				598A77EE298D1B1000EFCA0C /* Main.storyboard in Resources */,
			);
			runOnlyForDeploymentPostprocessing = 0;
		};
/* End PBXResourcesBuildPhase section */

/* Begin PBXShellScriptBuildPhase section */
		5A2FFFCA898D25702219E8EA /* [CP] Embed Pods Frameworks */ = {
			isa = PBXShellScriptBuildPhase;
			buildActionMask = 2147483647;
			files = (
			);
			inputFileListPaths = (
				"${PODS_ROOT}/Target Support Files/Pods-ClubsApp/Pods-ClubsApp-frameworks-${CONFIGURATION}-input-files.xcfilelist",
			);
			name = "[CP] Embed Pods Frameworks";
			outputFileListPaths = (
				"${PODS_ROOT}/Target Support Files/Pods-ClubsApp/Pods-ClubsApp-frameworks-${CONFIGURATION}-output-files.xcfilelist",
			);
			runOnlyForDeploymentPostprocessing = 0;
			shellPath = /bin/sh;
			shellScript = "\"${PODS_ROOT}/Target Support Files/Pods-ClubsApp/Pods-ClubsApp-frameworks.sh\"\n";
			showEnvVarsInLog = 0;
		};
		5AB33CE996049B93967D6559 /* [CP] Check Pods Manifest.lock */ = {
			isa = PBXShellScriptBuildPhase;
			buildActionMask = 2147483647;
			files = (
			);
			inputFileListPaths = (
			);
			inputPaths = (
				"${PODS_PODFILE_DIR_PATH}/Podfile.lock",
				"${PODS_ROOT}/Manifest.lock",
			);
			name = "[CP] Check Pods Manifest.lock";
			outputFileListPaths = (
			);
			outputPaths = (
				"$(DERIVED_FILE_DIR)/Pods-ClubsApp-checkManifestLockResult.txt",
			);
			runOnlyForDeploymentPostprocessing = 0;
			shellPath = /bin/sh;
			shellScript = "diff \"${PODS_PODFILE_DIR_PATH}/Podfile.lock\" \"${PODS_ROOT}/Manifest.lock\" > /dev/null\nif [ $? != 0 ] ; then\n    # print error to STDERR\n    echo \"error: The sandbox is not in sync with the Podfile.lock. Run 'pod install' or update your CocoaPods installation.\" >&2\n    exit 1\nfi\n# This output is used by Xcode 'outputs' to avoid re-running this script phase.\necho \"SUCCESS\" > \"${SCRIPT_OUTPUT_FILE_0}\"\n";
			showEnvVarsInLog = 0;
		};
/* End PBXShellScriptBuildPhase section */

/* Begin PBXSourcesBuildPhase section */
		598A77DF298D1B1000EFCA0C /* Sources */ = {
			isa = PBXSourcesBuildPhase;
			buildActionMask = 2147483647;
			files = (
				597CDC1C29941FF500DDF16E /* UserAuth.swift in Sources */,
				59D9715F29A7C04700EC6D6F /* SearchResultViewController.swift in Sources */,
				593799DB298D4AAA007845F5 /* LoginViewController.swift in Sources */,
				59541C2C2996C2DA00411ED5 /* DatabaseManager.swift in Sources */,
				59541C282996855000411ED5 /* ViewControllerWithActiveTextFieldProtocol.swift in Sources */,
				598A77EB298D1B1000EFCA0C /* ViewController.swift in Sources */,
				598A77E7298D1B1000EFCA0C /* AppDelegate.swift in Sources */,
				5964C95C299A35BA005346A6 /* AllEventsViewController.swift in Sources */,
				59D9716529ACB69B00EC6D6F /* UserModel.swift in Sources */,
				597CDC102993D93B00DDF16E /* Unwrappers.swift in Sources */,
				597CDC172993FC9000DDF16E /* ScendeDelegateEnvironment.swift in Sources */,
				59D9715D29A7AF6500EC6D6F /* AddUsersViewController.swift in Sources */,
				598A77E9298D1B1000EFCA0C /* SceneDelegate.swift in Sources */,
				59D9716229A7C18A00EC6D6F /* SearchResultTableViewCell.swift in Sources */,
				59FF9827299516D0003F4573 /* ResetPassViewController.swift in Sources */,
				597CDC132993F10700DDF16E /* MainScreenViewController.swift in Sources */,
				59280742299A39F500901448 /* CreateEventViewController.swift in Sources */,
				5964C95F299A35F0005346A6 /* LikedInvitedViewController.swift in Sources */,
				5964C957299A2F3F005346A6 /* TabBarController.swift in Sources */,
				597CDBCC299159C100DDF16E /* SubRegisterViewController.swift in Sources */,
				59280745299A3FB100901448 /* ChatsViewController.swift in Sources */,
				59280748299A3FD800901448 /* ProfileSettingsViewController.swift in Sources */,
				595B5BC7298FCF1200122B78 /* SubLoginViewController.swift in Sources */,
			);
			runOnlyForDeploymentPostprocessing = 0;
		};
/* End PBXSourcesBuildPhase section */

/* Begin PBXVariantGroup section */
		598A77EC298D1B1000EFCA0C /* Main.storyboard */ = {
			isa = PBXVariantGroup;
			children = (
				598A77ED298D1B1000EFCA0C /* Base */,
			);
			name = Main.storyboard;
			sourceTree = "<group>";
		};
		598A77F1298D1B1400EFCA0C /* LaunchScreen.storyboard */ = {
			isa = PBXVariantGroup;
			children = (
				598A77F2298D1B1400EFCA0C /* Base */,
			);
			name = LaunchScreen.storyboard;
			sourceTree = "<group>";
		};
/* End PBXVariantGroup section */

/* Begin XCBuildConfiguration section */
		598A77F5298D1B1400EFCA0C /* Debug */ = {
			isa = XCBuildConfiguration;
			buildSettings = {
				ALWAYS_SEARCH_USER_PATHS = NO;
				CLANG_ANALYZER_NONNULL = YES;
				CLANG_ANALYZER_NUMBER_OBJECT_CONVERSION = YES_AGGRESSIVE;
				CLANG_CXX_LANGUAGE_STANDARD = "gnu++17";
				CLANG_ENABLE_MODULES = YES;
				CLANG_ENABLE_OBJC_ARC = YES;
				CLANG_ENABLE_OBJC_WEAK = YES;
				CLANG_WARN_BLOCK_CAPTURE_AUTORELEASING = YES;
				CLANG_WARN_BOOL_CONVERSION = YES;
				CLANG_WARN_COMMA = YES;
				CLANG_WARN_CONSTANT_CONVERSION = YES;
				CLANG_WARN_DEPRECATED_OBJC_IMPLEMENTATIONS = YES;
				CLANG_WARN_DIRECT_OBJC_ISA_USAGE = YES_ERROR;
				CLANG_WARN_DOCUMENTATION_COMMENTS = YES;
				CLANG_WARN_EMPTY_BODY = YES;
				CLANG_WARN_ENUM_CONVERSION = YES;
				CLANG_WARN_INFINITE_RECURSION = YES;
				CLANG_WARN_INT_CONVERSION = YES;
				CLANG_WARN_NON_LITERAL_NULL_CONVERSION = YES;
				CLANG_WARN_OBJC_IMPLICIT_RETAIN_SELF = YES;
				CLANG_WARN_OBJC_LITERAL_CONVERSION = YES;
				CLANG_WARN_OBJC_ROOT_CLASS = YES_ERROR;
				CLANG_WARN_QUOTED_INCLUDE_IN_FRAMEWORK_HEADER = YES;
				CLANG_WARN_RANGE_LOOP_ANALYSIS = YES;
				CLANG_WARN_STRICT_PROTOTYPES = YES;
				CLANG_WARN_SUSPICIOUS_MOVE = YES;
				CLANG_WARN_UNGUARDED_AVAILABILITY = YES_AGGRESSIVE;
				CLANG_WARN_UNREACHABLE_CODE = YES;
				CLANG_WARN__DUPLICATE_METHOD_MATCH = YES;
				COPY_PHASE_STRIP = NO;
				DEBUG_INFORMATION_FORMAT = dwarf;
				ENABLE_STRICT_OBJC_MSGSEND = YES;
				ENABLE_TESTABILITY = YES;
				GCC_C_LANGUAGE_STANDARD = gnu11;
				GCC_DYNAMIC_NO_PIC = NO;
				GCC_NO_COMMON_BLOCKS = YES;
				GCC_OPTIMIZATION_LEVEL = 0;
				GCC_PREPROCESSOR_DEFINITIONS = (
					"DEBUG=1",
					"$(inherited)",
				);
				GCC_WARN_64_TO_32_BIT_CONVERSION = YES;
				GCC_WARN_ABOUT_RETURN_TYPE = YES_ERROR;
				GCC_WARN_UNDECLARED_SELECTOR = YES;
				GCC_WARN_UNINITIALIZED_AUTOS = YES_AGGRESSIVE;
				GCC_WARN_UNUSED_FUNCTION = YES;
				GCC_WARN_UNUSED_VARIABLE = YES;
				IPHONEOS_DEPLOYMENT_TARGET = 15.5;
				MTL_ENABLE_DEBUG_INFO = INCLUDE_SOURCE;
				MTL_FAST_MATH = YES;
				ONLY_ACTIVE_ARCH = YES;
				SDKROOT = iphoneos;
				SWIFT_ACTIVE_COMPILATION_CONDITIONS = DEBUG;
				SWIFT_OPTIMIZATION_LEVEL = "-Onone";
			};
			name = Debug;
		};
		598A77F6298D1B1400EFCA0C /* Release */ = {
			isa = XCBuildConfiguration;
			buildSettings = {
				ALWAYS_SEARCH_USER_PATHS = NO;
				CLANG_ANALYZER_NONNULL = YES;
				CLANG_ANALYZER_NUMBER_OBJECT_CONVERSION = YES_AGGRESSIVE;
				CLANG_CXX_LANGUAGE_STANDARD = "gnu++17";
				CLANG_ENABLE_MODULES = YES;
				CLANG_ENABLE_OBJC_ARC = YES;
				CLANG_ENABLE_OBJC_WEAK = YES;
				CLANG_WARN_BLOCK_CAPTURE_AUTORELEASING = YES;
				CLANG_WARN_BOOL_CONVERSION = YES;
				CLANG_WARN_COMMA = YES;
				CLANG_WARN_CONSTANT_CONVERSION = YES;
				CLANG_WARN_DEPRECATED_OBJC_IMPLEMENTATIONS = YES;
				CLANG_WARN_DIRECT_OBJC_ISA_USAGE = YES_ERROR;
				CLANG_WARN_DOCUMENTATION_COMMENTS = YES;
				CLANG_WARN_EMPTY_BODY = YES;
				CLANG_WARN_ENUM_CONVERSION = YES;
				CLANG_WARN_INFINITE_RECURSION = YES;
				CLANG_WARN_INT_CONVERSION = YES;
				CLANG_WARN_NON_LITERAL_NULL_CONVERSION = YES;
				CLANG_WARN_OBJC_IMPLICIT_RETAIN_SELF = YES;
				CLANG_WARN_OBJC_LITERAL_CONVERSION = YES;
				CLANG_WARN_OBJC_ROOT_CLASS = YES_ERROR;
				CLANG_WARN_QUOTED_INCLUDE_IN_FRAMEWORK_HEADER = YES;
				CLANG_WARN_RANGE_LOOP_ANALYSIS = YES;
				CLANG_WARN_STRICT_PROTOTYPES = YES;
				CLANG_WARN_SUSPICIOUS_MOVE = YES;
				CLANG_WARN_UNGUARDED_AVAILABILITY = YES_AGGRESSIVE;
				CLANG_WARN_UNREACHABLE_CODE = YES;
				CLANG_WARN__DUPLICATE_METHOD_MATCH = YES;
				COPY_PHASE_STRIP = NO;
				DEBUG_INFORMATION_FORMAT = "dwarf-with-dsym";
				ENABLE_NS_ASSERTIONS = NO;
				ENABLE_STRICT_OBJC_MSGSEND = YES;
				GCC_C_LANGUAGE_STANDARD = gnu11;
				GCC_NO_COMMON_BLOCKS = YES;
				GCC_WARN_64_TO_32_BIT_CONVERSION = YES;
				GCC_WARN_ABOUT_RETURN_TYPE = YES_ERROR;
				GCC_WARN_UNDECLARED_SELECTOR = YES;
				GCC_WARN_UNINITIALIZED_AUTOS = YES_AGGRESSIVE;
				GCC_WARN_UNUSED_FUNCTION = YES;
				GCC_WARN_UNUSED_VARIABLE = YES;
				IPHONEOS_DEPLOYMENT_TARGET = 15.5;
				MTL_ENABLE_DEBUG_INFO = NO;
				MTL_FAST_MATH = YES;
				SDKROOT = iphoneos;
				SWIFT_COMPILATION_MODE = wholemodule;
				SWIFT_OPTIMIZATION_LEVEL = "-O";
				VALIDATE_PRODUCT = YES;
			};
			name = Release;
		};
		598A77F8298D1B1400EFCA0C /* Debug */ = {
			isa = XCBuildConfiguration;
			baseConfigurationReference = D5182652994B8849FB9A3365 /* Pods-ClubsApp.debug.xcconfig */;
			buildSettings = {
				ASSETCATALOG_COMPILER_APPICON_NAME = AppIcon;
				ASSETCATALOG_COMPILER_GLOBAL_ACCENT_COLOR_NAME = AccentColor;
				CODE_SIGN_STYLE = Automatic;
				CURRENT_PROJECT_VERSION = 1;
				DEVELOPMENT_TEAM = R2FB2N47A5;
				GENERATE_INFOPLIST_FILE = YES;
				INFOPLIST_FILE = ClubsApp/Info.plist;
				INFOPLIST_KEY_UIApplicationSupportsIndirectInputEvents = YES;
				INFOPLIST_KEY_UILaunchStoryboardName = LaunchScreen;
				INFOPLIST_KEY_UIMainStoryboardFile = Main;
				INFOPLIST_KEY_UISupportedInterfaceOrientations_iPad = "UIInterfaceOrientationPortrait UIInterfaceOrientationPortraitUpsideDown UIInterfaceOrientationLandscapeLeft UIInterfaceOrientationLandscapeRight";
				INFOPLIST_KEY_UISupportedInterfaceOrientations_iPhone = "UIInterfaceOrientationPortrait UIInterfaceOrientationLandscapeLeft UIInterfaceOrientationLandscapeRight";
				IPHONEOS_DEPLOYMENT_TARGET = 15.0;
				LD_RUNPATH_SEARCH_PATHS = (
					"$(inherited)",
					"@executable_path/Frameworks",
				);
				MARKETING_VERSION = 1.0;
				PRODUCT_BUNDLE_IDENTIFIER = test.ClubsApp;
				PRODUCT_NAME = "$(TARGET_NAME)";
				SWIFT_EMIT_LOC_STRINGS = YES;
				SWIFT_VERSION = 5.0;
				TARGETED_DEVICE_FAMILY = "1,2";
			};
			name = Debug;
		};
		598A77F9298D1B1400EFCA0C /* Release */ = {
			isa = XCBuildConfiguration;
			baseConfigurationReference = FFEA9AA926A482CC8E397BCD /* Pods-ClubsApp.release.xcconfig */;
			buildSettings = {
				ASSETCATALOG_COMPILER_APPICON_NAME = AppIcon;
				ASSETCATALOG_COMPILER_GLOBAL_ACCENT_COLOR_NAME = AccentColor;
				CODE_SIGN_STYLE = Automatic;
				CURRENT_PROJECT_VERSION = 1;
				DEVELOPMENT_TEAM = R2FB2N47A5;
				GENERATE_INFOPLIST_FILE = YES;
				INFOPLIST_FILE = ClubsApp/Info.plist;
				INFOPLIST_KEY_UIApplicationSupportsIndirectInputEvents = YES;
				INFOPLIST_KEY_UILaunchStoryboardName = LaunchScreen;
				INFOPLIST_KEY_UIMainStoryboardFile = Main;
				INFOPLIST_KEY_UISupportedInterfaceOrientations_iPad = "UIInterfaceOrientationPortrait UIInterfaceOrientationPortraitUpsideDown UIInterfaceOrientationLandscapeLeft UIInterfaceOrientationLandscapeRight";
				INFOPLIST_KEY_UISupportedInterfaceOrientations_iPhone = "UIInterfaceOrientationPortrait UIInterfaceOrientationLandscapeLeft UIInterfaceOrientationLandscapeRight";
				IPHONEOS_DEPLOYMENT_TARGET = 15.0;
				LD_RUNPATH_SEARCH_PATHS = (
					"$(inherited)",
					"@executable_path/Frameworks",
				);
				MARKETING_VERSION = 1.0;
				PRODUCT_BUNDLE_IDENTIFIER = test.ClubsApp;
				PRODUCT_NAME = "$(TARGET_NAME)";
				SWIFT_EMIT_LOC_STRINGS = YES;
				SWIFT_VERSION = 5.0;
				TARGETED_DEVICE_FAMILY = "1,2";
			};
			name = Release;
		};
/* End XCBuildConfiguration section */

/* Begin XCConfigurationList section */
		598A77DE298D1B1000EFCA0C /* Build configuration list for PBXProject "ClubsApp" */ = {
			isa = XCConfigurationList;
			buildConfigurations = (
				598A77F5298D1B1400EFCA0C /* Debug */,
				598A77F6298D1B1400EFCA0C /* Release */,
			);
			defaultConfigurationIsVisible = 0;
			defaultConfigurationName = Release;
		};
		598A77F7298D1B1400EFCA0C /* Build configuration list for PBXNativeTarget "ClubsApp" */ = {
			isa = XCConfigurationList;
			buildConfigurations = (
				598A77F8298D1B1400EFCA0C /* Debug */,
				598A77F9298D1B1400EFCA0C /* Release */,
			);
			defaultConfigurationIsVisible = 0;
			defaultConfigurationName = Release;
		};
/* End XCConfigurationList section */
	};
	rootObject = 598A77DB298D1B1000EFCA0C /* Project object */;
}
